
Microsoft Visual Studio Solution File, Format Version 12.00
# Visual Studio 2012
Project("{FAE04EC0-301F-11D3-BF4B-00C04F79EFBC}") = "Triton.Renderer", "Triton.Renderer\Triton.Renderer.csproj", "{D8DA8B59-A4B9-4DE1-920E-5D056375C71E}"
EndProject
Project("{FAE04EC0-301F-11D3-BF4B-00C04F79EFBC}") = "Test", "Test\Test.csproj", "{BB086265-8D97-4DEF-9E49-76B57DC336A8}"
EndProject
Project("{FAE04EC0-301F-11D3-BF4B-00C04F79EFBC}") = "Triton.Graphics", "Triton.Graphics\Triton.Graphics.csproj", "{6A7E740C-692D-4E66-BC84-E79D6BF0B025}"
EndProject
Project("{FAE04EC0-301F-11D3-BF4B-00C04F79EFBC}") = "Triton.Common", "Triton.Common\Triton.Common.csproj", "{354B215A-CC57-408B-900D-E7E1F95C04C2}"
EndProject
Project("{FAE04EC0-301F-11D3-BF4B-00C04F79EFBC}") = "Triton.Math", "Triton.Math\Triton.Math.csproj", "{F49A11CD-2FCE-4247-9205-68F5E6B470B3}"
EndProject
Project("{FAE04EC0-301F-11D3-BF4B-00C04F79EFBC}") = "ContentProcessor", "ContentProcessor\ContentProcessor.csproj", "{49B2726E-8FB2-4083-8100-6EC3DC00F6F7}"
EndProject
Project("{FAE04EC0-301F-11D3-BF4B-00C04F79EFBC}") = "Triton.Content", "Triton.Content\Triton.Content.csproj", "{05E298CB-DB9F-4389-BC94-A27793673CAF}"
EndProject
Project("{FAE04EC0-301F-11D3-BF4B-00C04F79EFBC}") = "Triton.Input", "Triton.Input\Triton.Input.csproj", "{F938F3EE-AFA4-400A-B475-2D4DD79B6D73}"
EndProject
Project("{FAE04EC0-301F-11D3-BF4B-00C04F79EFBC}") = "Triton.Game", "Triton.Game\Triton.Game.csproj", "{3CD6878F-354E-4897-AC21-04330B65EBBB}"
EndProject
Project("{FAE04EC0-301F-11D3-BF4B-00C04F79EFBC}") = "Triton.Physics", "Triton.Physics\Triton.Physics.csproj", "{E53CFDCA-096B-4298-906F-4C0300B21297}"
EndProject
Global
	GlobalSection(SolutionConfigurationPlatforms) = preSolution
		Debug|Any CPU = Debug|Any CPU
		Debug|Mixed Platforms = Debug|Mixed Platforms
		Debug|x86 = Debug|x86
		Release|Any CPU = Release|Any CPU
		Release|Mixed Platforms = Release|Mixed Platforms
		Release|x86 = Release|x86
	EndGlobalSection
	GlobalSection(ProjectConfigurationPlatforms) = postSolution
		{D8DA8B59-A4B9-4DE1-920E-5D056375C71E}.Debug|Any CPU.ActiveCfg = Debug|Any CPU
		{D8DA8B59-A4B9-4DE1-920E-5D056375C71E}.Debug|Any CPU.Build.0 = Debug|Any CPU
		{D8DA8B59-A4B9-4DE1-920E-5D056375C71E}.Debug|Mixed Platforms.ActiveCfg = Debug|x86
		{D8DA8B59-A4B9-4DE1-920E-5D056375C71E}.Debug|Mixed Platforms.Build.0 = Debug|x86
		{D8DA8B59-A4B9-4DE1-920E-5D056375C71E}.Debug|x86.ActiveCfg = Debug|x86
		{D8DA8B59-A4B9-4DE1-920E-5D056375C71E}.Debug|x86.Build.0 = Debug|x86
		{D8DA8B59-A4B9-4DE1-920E-5D056375C71E}.Release|Any CPU.ActiveCfg = Release|Any CPU
		{D8DA8B59-A4B9-4DE1-920E-5D056375C71E}.Release|Any CPU.Build.0 = Release|Any CPU
		{D8DA8B59-A4B9-4DE1-920E-5D056375C71E}.Release|Mixed Platforms.ActiveCfg = Release|x86
		{D8DA8B59-A4B9-4DE1-920E-5D056375C71E}.Release|Mixed Platforms.Build.0 = Release|x86
		{D8DA8B59-A4B9-4DE1-920E-5D056375C71E}.Release|x86.ActiveCfg = Release|x86
		{D8DA8B59-A4B9-4DE1-920E-5D056375C71E}.Release|x86.Build.0 = Release|x86
		{BB086265-8D97-4DEF-9E49-76B57DC336A8}.Debug|Any CPU.ActiveCfg = Debug|Any CPU
		{BB086265-8D97-4DEF-9E49-76B57DC336A8}.Debug|Any CPU.Build.0 = Debug|Any CPU
		{BB086265-8D97-4DEF-9E49-76B57DC336A8}.Debug|Mixed Platforms.ActiveCfg = Debug|x86
		{BB086265-8D97-4DEF-9E49-76B57DC336A8}.Debug|Mixed Platforms.Build.0 = Debug|x86
		{BB086265-8D97-4DEF-9E49-76B57DC336A8}.Debug|x86.ActiveCfg = Debug|x86
		{BB086265-8D97-4DEF-9E49-76B57DC336A8}.Debug|x86.Build.0 = Debug|x86
		{BB086265-8D97-4DEF-9E49-76B57DC336A8}.Release|Any CPU.ActiveCfg = Release|Any CPU
		{BB086265-8D97-4DEF-9E49-76B57DC336A8}.Release|Any CPU.Build.0 = Release|Any CPU
		{BB086265-8D97-4DEF-9E49-76B57DC336A8}.Release|Mixed Platforms.ActiveCfg = Release|x86
		{BB086265-8D97-4DEF-9E49-76B57DC336A8}.Release|Mixed Platforms.Build.0 = Release|x86
		{BB086265-8D97-4DEF-9E49-76B57DC336A8}.Release|x86.ActiveCfg = Release|x86
		{BB086265-8D97-4DEF-9E49-76B57DC336A8}.Release|x86.Build.0 = Release|x86
		{6A7E740C-692D-4E66-BC84-E79D6BF0B025}.Debug|Any CPU.ActiveCfg = Debug|Any CPU
		{6A7E740C-692D-4E66-BC84-E79D6BF0B025}.Debug|Any CPU.Build.0 = Debug|Any CPU
		{6A7E740C-692D-4E66-BC84-E79D6BF0B025}.Debug|Mixed Platforms.ActiveCfg = Debug|x86
		{6A7E740C-692D-4E66-BC84-E79D6BF0B025}.Debug|Mixed Platforms.Build.0 = Debug|x86
		{6A7E740C-692D-4E66-BC84-E79D6BF0B025}.Debug|x86.ActiveCfg = Debug|x86
		{6A7E740C-692D-4E66-BC84-E79D6BF0B025}.Debug|x86.Build.0 = Debug|x86
		{6A7E740C-692D-4E66-BC84-E79D6BF0B025}.Release|Any CPU.ActiveCfg = Release|Any CPU
		{6A7E740C-692D-4E66-BC84-E79D6BF0B025}.Release|Any CPU.Build.0 = Release|Any CPU
		{6A7E740C-692D-4E66-BC84-E79D6BF0B025}.Release|Mixed Platforms.ActiveCfg = Release|x86
		{6A7E740C-692D-4E66-BC84-E79D6BF0B025}.Release|Mixed Platforms.Build.0 = Release|x86
		{6A7E740C-692D-4E66-BC84-E79D6BF0B025}.Release|x86.ActiveCfg = Release|x86
		{6A7E740C-692D-4E66-BC84-E79D6BF0B025}.Release|x86.Build.0 = Release|x86
		{354B215A-CC57-408B-900D-E7E1F95C04C2}.Debug|Any CPU.ActiveCfg = Debug|Any CPU
		{354B215A-CC57-408B-900D-E7E1F95C04C2}.Debug|Any CPU.Build.0 = Debug|Any CPU
		{354B215A-CC57-408B-900D-E7E1F95C04C2}.Debug|Mixed Platforms.ActiveCfg = Debug|x86
		{354B215A-CC57-408B-900D-E7E1F95C04C2}.Debug|Mixed Platforms.Build.0 = Debug|x86
		{354B215A-CC57-408B-900D-E7E1F95C04C2}.Debug|x86.ActiveCfg = Debug|x86
		{354B215A-CC57-408B-900D-E7E1F95C04C2}.Debug|x86.Build.0 = Debug|x86
		{354B215A-CC57-408B-900D-E7E1F95C04C2}.Release|Any CPU.ActiveCfg = Release|Any CPU
		{354B215A-CC57-408B-900D-E7E1F95C04C2}.Release|Any CPU.Build.0 = Release|Any CPU
		{354B215A-CC57-408B-900D-E7E1F95C04C2}.Release|Mixed Platforms.ActiveCfg = Release|x86
		{354B215A-CC57-408B-900D-E7E1F95C04C2}.Release|Mixed Platforms.Build.0 = Release|x86
		{354B215A-CC57-408B-900D-E7E1F95C04C2}.Release|x86.ActiveCfg = Release|x86
		{354B215A-CC57-408B-900D-E7E1F95C04C2}.Release|x86.Build.0 = Release|x86
		{F49A11CD-2FCE-4247-9205-68F5E6B470B3}.Debug|Any CPU.ActiveCfg = Debug|Any CPU
		{F49A11CD-2FCE-4247-9205-68F5E6B470B3}.Debug|Any CPU.Build.0 = Debug|Any CPU
		{F49A11CD-2FCE-4247-9205-68F5E6B470B3}.Debug|Mixed Platforms.ActiveCfg = Debug|x86
		{F49A11CD-2FCE-4247-9205-68F5E6B470B3}.Debug|Mixed Platforms.Build.0 = Debug|x86
		{F49A11CD-2FCE-4247-9205-68F5E6B470B3}.Debug|x86.ActiveCfg = Debug|x86
		{F49A11CD-2FCE-4247-9205-68F5E6B470B3}.Debug|x86.Build.0 = Debug|x86
		{F49A11CD-2FCE-4247-9205-68F5E6B470B3}.Release|Any CPU.ActiveCfg = Release|Any CPU
		{F49A11CD-2FCE-4247-9205-68F5E6B470B3}.Release|Any CPU.Build.0 = Release|Any CPU
		{F49A11CD-2FCE-4247-9205-68F5E6B470B3}.Release|Mixed Platforms.ActiveCfg = Release|x86
		{F49A11CD-2FCE-4247-9205-68F5E6B470B3}.Release|Mixed Platforms.Build.0 = Release|x86
		{F49A11CD-2FCE-4247-9205-68F5E6B470B3}.Release|x86.ActiveCfg = Release|Any CPU
		{49B2726E-8FB2-4083-8100-6EC3DC00F6F7}.Debug|Any CPU.ActiveCfg = Debug|Any CPU
		{49B2726E-8FB2-4083-8100-6EC3DC00F6F7}.Debug|Any CPU.Build.0 = Debug|Any CPU
		{49B2726E-8FB2-4083-8100-6EC3DC00F6F7}.Debug|Mixed Platforms.ActiveCfg = Debug|x86
		{49B2726E-8FB2-4083-8100-6EC3DC00F6F7}.Debug|Mixed Platforms.Build.0 = Debug|x86
		{49B2726E-8FB2-4083-8100-6EC3DC00F6F7}.Debug|x86.ActiveCfg = Debug|x86
		{49B2726E-8FB2-4083-8100-6EC3DC00F6F7}.Debug|x86.Build.0 = Debug|x86
		{49B2726E-8FB2-4083-8100-6EC3DC00F6F7}.Release|Any CPU.ActiveCfg = Release|Any CPU
		{49B2726E-8FB2-4083-8100-6EC3DC00F6F7}.Release|Any CPU.Build.0 = Release|Any CPU
		{49B2726E-8FB2-4083-8100-6EC3DC00F6F7}.Release|Mixed Platforms.ActiveCfg = Release|x86
		{49B2726E-8FB2-4083-8100-6EC3DC00F6F7}.Release|Mixed Platforms.Build.0 = Release|x86
		{49B2726E-8FB2-4083-8100-6EC3DC00F6F7}.Release|x86.ActiveCfg = Release|Any CPU
		{05E298CB-DB9F-4389-BC94-A27793673CAF}.Debug|Any CPU.ActiveCfg = Debug|Any CPU
		{05E298CB-DB9F-4389-BC94-A27793673CAF}.Debug|Any CPU.Build.0 = Debug|Any CPU
		{05E298CB-DB9F-4389-BC94-A27793673CAF}.Debug|Mixed Platforms.ActiveCfg = Debug|x86
		{05E298CB-DB9F-4389-BC94-A27793673CAF}.Debug|Mixed Platforms.Build.0 = Debug|x86
		{05E298CB-DB9F-4389-BC94-A27793673CAF}.Debug|x86.ActiveCfg = Debug|x86
		{05E298CB-DB9F-4389-BC94-A27793673CAF}.Debug|x86.Build.0 = Debug|x86
		{05E298CB-DB9F-4389-BC94-A27793673CAF}.Release|Any CPU.ActiveCfg = Release|Any CPU
		{05E298CB-DB9F-4389-BC94-A27793673CAF}.Release|Any CPU.Build.0 = Release|Any CPU
		{05E298CB-DB9F-4389-BC94-A27793673CAF}.Release|Mixed Platforms.ActiveCfg = Release|x86
		{05E298CB-DB9F-4389-BC94-A27793673CAF}.Release|Mixed Platforms.Build.0 = Release|x86
		{05E298CB-DB9F-4389-BC94-A27793673CAF}.Release|x86.ActiveCfg = Release|Any CPU
		{F938F3EE-AFA4-400A-B475-2D4DD79B6D73}.Debug|Any CPU.ActiveCfg = Debug|Any CPU
		{F938F3EE-AFA4-400A-B475-2D4DD79B6D73}.Debug|Any CPU.Build.0 = Debug|Any CPU
		{F938F3EE-AFA4-400A-B475-2D4DD79B6D73}.Debug|Mixed Platforms.ActiveCfg = Debug|x86
		{F938F3EE-AFA4-400A-B475-2D4DD79B6D73}.Debug|Mixed Platforms.Build.0 = Debug|x86
		{F938F3EE-AFA4-400A-B475-2D4DD79B6D73}.Debug|x86.ActiveCfg = Debug|x86
		{F938F3EE-AFA4-400A-B475-2D4DD79B6D73}.Debug|x86.Build.0 = Debug|x86
		{F938F3EE-AFA4-400A-B475-2D4DD79B6D73}.Release|Any CPU.ActiveCfg = Release|Any CPU
		{F938F3EE-AFA4-400A-B475-2D4DD79B6D73}.Release|Any CPU.Build.0 = Release|Any CPU
		{F938F3EE-AFA4-400A-B475-2D4DD79B6D73}.Release|Mixed Platforms.ActiveCfg = Release|x86
		{F938F3EE-AFA4-400A-B475-2D4DD79B6D73}.Release|Mixed Platforms.Build.0 = Release|x86
		{F938F3EE-AFA4-400A-B475-2D4DD79B6D73}.Release|x86.ActiveCfg = Release|Any CPU
		{3CD6878F-354E-4897-AC21-04330B65EBBB}.Debug|Any CPU.ActiveCfg = Debug|Any CPU
		{3CD6878F-354E-4897-AC21-04330B65EBBB}.Debug|Any CPU.Build.0 = Debug|Any CPU
		{3CD6878F-354E-4897-AC21-04330B65EBBB}.Debug|Mixed Platforms.ActiveCfg = Debug|x86
		{3CD6878F-354E-4897-AC21-04330B65EBBB}.Debug|Mixed Platforms.Build.0 = Debug|x86
		{3CD6878F-354E-4897-AC21-04330B65EBBB}.Debug|x86.ActiveCfg = Debug|Any CPU
		{3CD6878F-354E-4897-AC21-04330B65EBBB}.Release|Any CPU.ActiveCfg = Release|Any CPU
		{3CD6878F-354E-4897-AC21-04330B65EBBB}.Release|Any CPU.Build.0 = Release|Any CPU
		{3CD6878F-354E-4897-AC21-04330B65EBBB}.Release|Mixed Platforms.ActiveCfg = Release|Any CPU
		{3CD6878F-354E-4897-AC21-04330B65EBBB}.Release|Mixed Platforms.Build.0 = Release|Any CPU
		{3CD6878F-354E-4897-AC21-04330B65EBBB}.Release|x86.ActiveCfg = Release|Any CPU
		{E53CFDCA-096B-4298-906F-4C0300B21297}.Debug|Any CPU.ActiveCfg = Debug|Any CPU
		{E53CFDCA-096B-4298-906F-4C0300B21297}.Debug|Any CPU.Build.0 = Debug|Any CPU
		{E53CFDCA-096B-4298-906F-4C0300B21297}.Debug|Mixed Platforms.ActiveCfg = Debug|x86
		{E53CFDCA-096B-4298-906F-4C0300B21297}.Debug|Mixed Platforms.Build.0 = Debug|x86
		{E53CFDCA-096B-4298-906F-4C0300B21297}.Debug|x86.ActiveCfg = Debug|Any CPU
		{E53CFDCA-096B-4298-906F-4C0300B21297}.Release|Any CPU.ActiveCfg = Release|Any CPU
		{E53CFDCA-096B-4298-906F-4C0300B21297}.Release|Any CPU.Build.0 = Release|Any CPU
		{E53CFDCA-096B-4298-906F-4C0300B21297}.Release|Mixed Platforms.ActiveCfg = Release|Any CPU
		{E53CFDCA-096B-4298-906F-4C0300B21297}.Release|Mixed Platforms.Build.0 = Release|Any CPU
		{E53CFDCA-096B-4298-906F-4C0300B21297}.Release|x86.ActiveCfg = Release|Any CPU
	EndGlobalSection
	GlobalSection(SolutionProperties) = preSolution
		HideSolutionNode = FALSE
	EndGlobalSection
EndGlobal
