
Microsoft Visual Studio Solution File, Format Version 12.00
# Visual Studio Version 16
VisualStudioVersion = 16.0.29326.143
MinimumVisualStudioVersion = 10.0.40219.1
Project("{FAE04EC0-301F-11D3-BF4B-00C04F79EFBC}") = "Triton.Graphics", "Triton.Graphics\Triton.Graphics.csproj", "{6A7E740C-692D-4E66-BC84-E79D6BF0B025}"
EndProject
Project("{FAE04EC0-301F-11D3-BF4B-00C04F79EFBC}") = "ContentProcessor", "ContentProcessor\ContentProcessor.csproj", "{49B2726E-8FB2-4083-8100-6EC3DC00F6F7}"
EndProject
Project("{FAE04EC0-301F-11D3-BF4B-00C04F79EFBC}") = "Triton.Content", "Triton.Content\Triton.Content.csproj", "{05E298CB-DB9F-4389-BC94-A27793673CAF}"
EndProject
Project("{FAE04EC0-301F-11D3-BF4B-00C04F79EFBC}") = "Triton.Input", "Triton.Input\Triton.Input.csproj", "{F938F3EE-AFA4-400A-B475-2D4DD79B6D73}"
EndProject
Project("{FAE04EC0-301F-11D3-BF4B-00C04F79EFBC}") = "Triton.Game", "Triton.Game\Triton.Game.csproj", "{3CD6878F-354E-4897-AC21-04330B65EBBB}"
EndProject
Project("{FAE04EC0-301F-11D3-BF4B-00C04F79EFBC}") = "Triton.Physics", "Triton.Physics\Triton.Physics.csproj", "{E53CFDCA-096B-4298-906F-4C0300B21297}"
EndProject
Project("{2150E333-8FDC-42A3-9474-1A3956D46DE8}") = "ThirdParty", "ThirdParty", "{0CFDCBD0-BA7D-4164-BD41-6299401EDD0B}"
EndProject
Project("{2150E333-8FDC-42A3-9474-1A3956D46DE8}") = "Samples", "Samples", "{0CFDCBD0-BA7D-4164-BD41-7809AE5E289B}"
EndProject
Project("{2150E333-8FDC-42A3-9474-1A3956D46DE8}") = "Tools", "Tools", "{0CFDCBC0-BA7D-4164-BD41-8709AE5E289E}"
EndProject
Project("{FAE04EC0-301F-11D3-BF4B-00C04F79EFBC}") = "Triton.Audio", "Triton.Audio\Triton.Audio.csproj", "{AE39D529-64E2-476D-B99A-91D79DADDA63}"
EndProject
Project("{FAE04EC0-301F-11D3-BF4B-00C04F79EFBC}") = "SharpFileSystem", "ThirdParty\sharpfilesystem\SharpFileSystem\SharpFileSystem.csproj", "{3C4D07BA-23B5-4A63-92CF-F3BF892B7329}"
EndProject
Project("{FAE04EC0-301F-11D3-BF4B-00C04F79EFBC}") = "Triton.Samples", "Samples\Triton.Samples\Triton.Samples.csproj", "{1535B7C5-4557-46FB-AB18-668DC8B0686B}"
EndProject
Project("{FAE04EC0-301F-11D3-BF4B-00C04F79EFBC}") = "Triton.Tools", "Triton.Tools\Triton.Tools.csproj", "{33EF76C5-1894-460C-9CB3-A7DBF260321E}"
EndProject
Project("{FAE04EC0-301F-11D3-BF4B-00C04F79EFBC}") = "ModelViewer", "ModelViewer\ModelViewer.csproj", "{8DA715A5-52E5-4B6F-B949-CD1CFDBBC8D6}"
EndProject
Project("{FAE04EC0-301F-11D3-BF4B-00C04F79EFBC}") = "Triton.Math", "Triton.Math\Triton.Math.csproj", "{86E77921-CB0A-4D72-8A6C-7DEE915A23D8}"
EndProject
Project("{FAE04EC0-301F-11D3-BF4B-00C04F79EFBC}") = "Triton", "Triton\Triton.csproj", "{8998DAED-F584-4006-937A-3958983DD75F}"
EndProject
Project("{FAE04EC0-301F-11D3-BF4B-00C04F79EFBC}") = "Triton.Renderer", "Triton.Renderer\Triton.Renderer.csproj", "{5A36C1B0-2811-48A3-A476-2906B50C3CCB}"
EndProject
Project("{9A19103F-16F7-4668-BE54-9A1E7A4F7556}") = "Materials", "Samples\Materials\Materials.csproj", "{2FA6297E-1898-4EF0-834F-D7257AD445B1}"
EndProject
Global
	GlobalSection(SolutionConfigurationPlatforms) = preSolution
		Debug|Any CPU = Debug|Any CPU
		Debug|Mixed Platforms = Debug|Mixed Platforms
		Debug|x86 = Debug|x86
		Release|Any CPU = Release|Any CPU
		Release|Mixed Platforms = Release|Mixed Platforms
		Release|x86 = Release|x86
	EndGlobalSection
	GlobalSection(ProjectConfigurationPlatforms) = postSolution
		{6A7E740C-692D-4E66-BC84-E79D6BF0B025}.Debug|Any CPU.ActiveCfg = Debug|Any CPU
		{6A7E740C-692D-4E66-BC84-E79D6BF0B025}.Debug|Any CPU.Build.0 = Debug|Any CPU
		{6A7E740C-692D-4E66-BC84-E79D6BF0B025}.Debug|Mixed Platforms.ActiveCfg = Debug|Any CPU
		{6A7E740C-692D-4E66-BC84-E79D6BF0B025}.Debug|Mixed Platforms.Build.0 = Debug|Any CPU
		{6A7E740C-692D-4E66-BC84-E79D6BF0B025}.Debug|x86.ActiveCfg = Debug|Any CPU
		{6A7E740C-692D-4E66-BC84-E79D6BF0B025}.Debug|x86.Build.0 = Debug|Any CPU
		{6A7E740C-692D-4E66-BC84-E79D6BF0B025}.Release|Any CPU.ActiveCfg = Release|Any CPU
		{6A7E740C-692D-4E66-BC84-E79D6BF0B025}.Release|Any CPU.Build.0 = Release|Any CPU
		{6A7E740C-692D-4E66-BC84-E79D6BF0B025}.Release|Mixed Platforms.ActiveCfg = Release|Any CPU
		{6A7E740C-692D-4E66-BC84-E79D6BF0B025}.Release|Mixed Platforms.Build.0 = Release|Any CPU
		{6A7E740C-692D-4E66-BC84-E79D6BF0B025}.Release|x86.ActiveCfg = Release|Any CPU
		{6A7E740C-692D-4E66-BC84-E79D6BF0B025}.Release|x86.Build.0 = Release|Any CPU
		{49B2726E-8FB2-4083-8100-6EC3DC00F6F7}.Debug|Any CPU.ActiveCfg = Debug|Any CPU
		{49B2726E-8FB2-4083-8100-6EC3DC00F6F7}.Debug|Any CPU.Build.0 = Debug|Any CPU
		{49B2726E-8FB2-4083-8100-6EC3DC00F6F7}.Debug|Mixed Platforms.ActiveCfg = Debug|Any CPU
		{49B2726E-8FB2-4083-8100-6EC3DC00F6F7}.Debug|Mixed Platforms.Build.0 = Debug|Any CPU
		{49B2726E-8FB2-4083-8100-6EC3DC00F6F7}.Debug|x86.ActiveCfg = Debug|Any CPU
		{49B2726E-8FB2-4083-8100-6EC3DC00F6F7}.Debug|x86.Build.0 = Debug|Any CPU
		{49B2726E-8FB2-4083-8100-6EC3DC00F6F7}.Release|Any CPU.ActiveCfg = Release|Any CPU
		{49B2726E-8FB2-4083-8100-6EC3DC00F6F7}.Release|Any CPU.Build.0 = Release|Any CPU
		{49B2726E-8FB2-4083-8100-6EC3DC00F6F7}.Release|Mixed Platforms.ActiveCfg = Release|Any CPU
		{49B2726E-8FB2-4083-8100-6EC3DC00F6F7}.Release|Mixed Platforms.Build.0 = Release|Any CPU
		{49B2726E-8FB2-4083-8100-6EC3DC00F6F7}.Release|x86.ActiveCfg = Release|Any CPU
		{49B2726E-8FB2-4083-8100-6EC3DC00F6F7}.Release|x86.Build.0 = Release|Any CPU
		{05E298CB-DB9F-4389-BC94-A27793673CAF}.Debug|Any CPU.ActiveCfg = Debug|Any CPU
		{05E298CB-DB9F-4389-BC94-A27793673CAF}.Debug|Any CPU.Build.0 = Debug|Any CPU
		{05E298CB-DB9F-4389-BC94-A27793673CAF}.Debug|Mixed Platforms.ActiveCfg = Debug|Any CPU
		{05E298CB-DB9F-4389-BC94-A27793673CAF}.Debug|Mixed Platforms.Build.0 = Debug|Any CPU
		{05E298CB-DB9F-4389-BC94-A27793673CAF}.Debug|x86.ActiveCfg = Debug|Any CPU
		{05E298CB-DB9F-4389-BC94-A27793673CAF}.Debug|x86.Build.0 = Debug|Any CPU
		{05E298CB-DB9F-4389-BC94-A27793673CAF}.Release|Any CPU.ActiveCfg = Release|Any CPU
		{05E298CB-DB9F-4389-BC94-A27793673CAF}.Release|Any CPU.Build.0 = Release|Any CPU
		{05E298CB-DB9F-4389-BC94-A27793673CAF}.Release|Mixed Platforms.ActiveCfg = Release|Any CPU
		{05E298CB-DB9F-4389-BC94-A27793673CAF}.Release|Mixed Platforms.Build.0 = Release|Any CPU
		{05E298CB-DB9F-4389-BC94-A27793673CAF}.Release|x86.ActiveCfg = Release|Any CPU
		{05E298CB-DB9F-4389-BC94-A27793673CAF}.Release|x86.Build.0 = Release|Any CPU
		{F938F3EE-AFA4-400A-B475-2D4DD79B6D73}.Debug|Any CPU.ActiveCfg = Debug|Any CPU
		{F938F3EE-AFA4-400A-B475-2D4DD79B6D73}.Debug|Any CPU.Build.0 = Debug|Any CPU
		{F938F3EE-AFA4-400A-B475-2D4DD79B6D73}.Debug|Mixed Platforms.ActiveCfg = Debug|Any CPU
		{F938F3EE-AFA4-400A-B475-2D4DD79B6D73}.Debug|Mixed Platforms.Build.0 = Debug|Any CPU
		{F938F3EE-AFA4-400A-B475-2D4DD79B6D73}.Debug|x86.ActiveCfg = Debug|Any CPU
		{F938F3EE-AFA4-400A-B475-2D4DD79B6D73}.Debug|x86.Build.0 = Debug|Any CPU
		{F938F3EE-AFA4-400A-B475-2D4DD79B6D73}.Release|Any CPU.ActiveCfg = Release|Any CPU
		{F938F3EE-AFA4-400A-B475-2D4DD79B6D73}.Release|Any CPU.Build.0 = Release|Any CPU
		{F938F3EE-AFA4-400A-B475-2D4DD79B6D73}.Release|Mixed Platforms.ActiveCfg = Release|Any CPU
		{F938F3EE-AFA4-400A-B475-2D4DD79B6D73}.Release|Mixed Platforms.Build.0 = Release|Any CPU
		{F938F3EE-AFA4-400A-B475-2D4DD79B6D73}.Release|x86.ActiveCfg = Release|Any CPU
		{F938F3EE-AFA4-400A-B475-2D4DD79B6D73}.Release|x86.Build.0 = Release|Any CPU
		{3CD6878F-354E-4897-AC21-04330B65EBBB}.Debug|Any CPU.ActiveCfg = Debug|Any CPU
		{3CD6878F-354E-4897-AC21-04330B65EBBB}.Debug|Any CPU.Build.0 = Debug|Any CPU
		{3CD6878F-354E-4897-AC21-04330B65EBBB}.Debug|Mixed Platforms.ActiveCfg = Debug|Any CPU
		{3CD6878F-354E-4897-AC21-04330B65EBBB}.Debug|Mixed Platforms.Build.0 = Debug|Any CPU
		{3CD6878F-354E-4897-AC21-04330B65EBBB}.Debug|x86.ActiveCfg = Debug|Any CPU
		{3CD6878F-354E-4897-AC21-04330B65EBBB}.Debug|x86.Build.0 = Debug|Any CPU
		{3CD6878F-354E-4897-AC21-04330B65EBBB}.Release|Any CPU.ActiveCfg = Release|Any CPU
		{3CD6878F-354E-4897-AC21-04330B65EBBB}.Release|Any CPU.Build.0 = Release|Any CPU
		{3CD6878F-354E-4897-AC21-04330B65EBBB}.Release|Mixed Platforms.ActiveCfg = Release|Any CPU
		{3CD6878F-354E-4897-AC21-04330B65EBBB}.Release|Mixed Platforms.Build.0 = Release|Any CPU
		{3CD6878F-354E-4897-AC21-04330B65EBBB}.Release|x86.ActiveCfg = Release|Any CPU
		{3CD6878F-354E-4897-AC21-04330B65EBBB}.Release|x86.Build.0 = Release|Any CPU
		{E53CFDCA-096B-4298-906F-4C0300B21297}.Debug|Any CPU.ActiveCfg = Debug|Any CPU
		{E53CFDCA-096B-4298-906F-4C0300B21297}.Debug|Any CPU.Build.0 = Debug|Any CPU
		{E53CFDCA-096B-4298-906F-4C0300B21297}.Debug|Mixed Platforms.ActiveCfg = Debug|Any CPU
		{E53CFDCA-096B-4298-906F-4C0300B21297}.Debug|Mixed Platforms.Build.0 = Debug|Any CPU
		{E53CFDCA-096B-4298-906F-4C0300B21297}.Debug|x86.ActiveCfg = Debug|Any CPU
		{E53CFDCA-096B-4298-906F-4C0300B21297}.Debug|x86.Build.0 = Debug|Any CPU
		{E53CFDCA-096B-4298-906F-4C0300B21297}.Release|Any CPU.ActiveCfg = Release|Any CPU
		{E53CFDCA-096B-4298-906F-4C0300B21297}.Release|Any CPU.Build.0 = Release|Any CPU
		{E53CFDCA-096B-4298-906F-4C0300B21297}.Release|Mixed Platforms.ActiveCfg = Release|Any CPU
		{E53CFDCA-096B-4298-906F-4C0300B21297}.Release|Mixed Platforms.Build.0 = Release|Any CPU
		{E53CFDCA-096B-4298-906F-4C0300B21297}.Release|x86.ActiveCfg = Release|Any CPU
		{E53CFDCA-096B-4298-906F-4C0300B21297}.Release|x86.Build.0 = Release|Any CPU
		{AE39D529-64E2-476D-B99A-91D79DADDA63}.Debug|Any CPU.ActiveCfg = Debug|Any CPU
		{AE39D529-64E2-476D-B99A-91D79DADDA63}.Debug|Any CPU.Build.0 = Debug|Any CPU
		{AE39D529-64E2-476D-B99A-91D79DADDA63}.Debug|Mixed Platforms.ActiveCfg = Debug|Any CPU
		{AE39D529-64E2-476D-B99A-91D79DADDA63}.Debug|Mixed Platforms.Build.0 = Debug|Any CPU
		{AE39D529-64E2-476D-B99A-91D79DADDA63}.Debug|x86.ActiveCfg = Debug|Any CPU
		{AE39D529-64E2-476D-B99A-91D79DADDA63}.Debug|x86.Build.0 = Debug|Any CPU
		{AE39D529-64E2-476D-B99A-91D79DADDA63}.Release|Any CPU.ActiveCfg = Release|Any CPU
		{AE39D529-64E2-476D-B99A-91D79DADDA63}.Release|Any CPU.Build.0 = Release|Any CPU
		{AE39D529-64E2-476D-B99A-91D79DADDA63}.Release|Mixed Platforms.ActiveCfg = Release|Any CPU
		{AE39D529-64E2-476D-B99A-91D79DADDA63}.Release|Mixed Platforms.Build.0 = Release|Any CPU
		{AE39D529-64E2-476D-B99A-91D79DADDA63}.Release|x86.ActiveCfg = Release|Any CPU
		{AE39D529-64E2-476D-B99A-91D79DADDA63}.Release|x86.Build.0 = Release|Any CPU
		{3C4D07BA-23B5-4A63-92CF-F3BF892B7329}.Debug|Any CPU.ActiveCfg = Debug|Any CPU
		{3C4D07BA-23B5-4A63-92CF-F3BF892B7329}.Debug|Any CPU.Build.0 = Debug|Any CPU
		{3C4D07BA-23B5-4A63-92CF-F3BF892B7329}.Debug|Mixed Platforms.ActiveCfg = Debug|x86
		{3C4D07BA-23B5-4A63-92CF-F3BF892B7329}.Debug|Mixed Platforms.Build.0 = Debug|x86
		{3C4D07BA-23B5-4A63-92CF-F3BF892B7329}.Debug|x86.ActiveCfg = Debug|x86
		{3C4D07BA-23B5-4A63-92CF-F3BF892B7329}.Debug|x86.Build.0 = Debug|x86
		{3C4D07BA-23B5-4A63-92CF-F3BF892B7329}.Release|Any CPU.ActiveCfg = Release|Any CPU
		{3C4D07BA-23B5-4A63-92CF-F3BF892B7329}.Release|Any CPU.Build.0 = Release|Any CPU
		{3C4D07BA-23B5-4A63-92CF-F3BF892B7329}.Release|Mixed Platforms.ActiveCfg = Release|x86
		{3C4D07BA-23B5-4A63-92CF-F3BF892B7329}.Release|Mixed Platforms.Build.0 = Release|x86
		{3C4D07BA-23B5-4A63-92CF-F3BF892B7329}.Release|x86.ActiveCfg = Release|x86
		{3C4D07BA-23B5-4A63-92CF-F3BF892B7329}.Release|x86.Build.0 = Release|x86
		{1535B7C5-4557-46FB-AB18-668DC8B0686B}.Debug|Any CPU.ActiveCfg = Debug|Any CPU
		{1535B7C5-4557-46FB-AB18-668DC8B0686B}.Debug|Any CPU.Build.0 = Debug|Any CPU
		{1535B7C5-4557-46FB-AB18-668DC8B0686B}.Debug|Mixed Platforms.ActiveCfg = Debug|Any CPU
		{1535B7C5-4557-46FB-AB18-668DC8B0686B}.Debug|Mixed Platforms.Build.0 = Debug|Any CPU
		{1535B7C5-4557-46FB-AB18-668DC8B0686B}.Debug|x86.ActiveCfg = Debug|Any CPU
		{1535B7C5-4557-46FB-AB18-668DC8B0686B}.Debug|x86.Build.0 = Debug|Any CPU
		{1535B7C5-4557-46FB-AB18-668DC8B0686B}.Release|Any CPU.ActiveCfg = Release|Any CPU
		{1535B7C5-4557-46FB-AB18-668DC8B0686B}.Release|Any CPU.Build.0 = Release|Any CPU
		{1535B7C5-4557-46FB-AB18-668DC8B0686B}.Release|Mixed Platforms.ActiveCfg = Release|Any CPU
		{1535B7C5-4557-46FB-AB18-668DC8B0686B}.Release|Mixed Platforms.Build.0 = Release|Any CPU
		{1535B7C5-4557-46FB-AB18-668DC8B0686B}.Release|x86.ActiveCfg = Release|Any CPU
		{1535B7C5-4557-46FB-AB18-668DC8B0686B}.Release|x86.Build.0 = Release|Any CPU
		{33EF76C5-1894-460C-9CB3-A7DBF260321E}.Debug|Any CPU.ActiveCfg = Debug|Any CPU
		{33EF76C5-1894-460C-9CB3-A7DBF260321E}.Debug|Any CPU.Build.0 = Debug|Any CPU
		{33EF76C5-1894-460C-9CB3-A7DBF260321E}.Debug|Mixed Platforms.ActiveCfg = Debug|Any CPU
		{33EF76C5-1894-460C-9CB3-A7DBF260321E}.Debug|Mixed Platforms.Build.0 = Debug|Any CPU
		{33EF76C5-1894-460C-9CB3-A7DBF260321E}.Debug|x86.ActiveCfg = Debug|Any CPU
		{33EF76C5-1894-460C-9CB3-A7DBF260321E}.Debug|x86.Build.0 = Debug|Any CPU
		{33EF76C5-1894-460C-9CB3-A7DBF260321E}.Release|Any CPU.ActiveCfg = Release|Any CPU
		{33EF76C5-1894-460C-9CB3-A7DBF260321E}.Release|Any CPU.Build.0 = Release|Any CPU
		{33EF76C5-1894-460C-9CB3-A7DBF260321E}.Release|Mixed Platforms.ActiveCfg = Release|Any CPU
		{33EF76C5-1894-460C-9CB3-A7DBF260321E}.Release|Mixed Platforms.Build.0 = Release|Any CPU
		{33EF76C5-1894-460C-9CB3-A7DBF260321E}.Release|x86.ActiveCfg = Release|Any CPU
		{33EF76C5-1894-460C-9CB3-A7DBF260321E}.Release|x86.Build.0 = Release|Any CPU
		{8DA715A5-52E5-4B6F-B949-CD1CFDBBC8D6}.Debug|Any CPU.ActiveCfg = Debug|Any CPU
		{8DA715A5-52E5-4B6F-B949-CD1CFDBBC8D6}.Debug|Any CPU.Build.0 = Debug|Any CPU
		{8DA715A5-52E5-4B6F-B949-CD1CFDBBC8D6}.Debug|Mixed Platforms.ActiveCfg = Debug|Any CPU
		{8DA715A5-52E5-4B6F-B949-CD1CFDBBC8D6}.Debug|Mixed Platforms.Build.0 = Debug|Any CPU
		{8DA715A5-52E5-4B6F-B949-CD1CFDBBC8D6}.Debug|x86.ActiveCfg = Debug|Any CPU
		{8DA715A5-52E5-4B6F-B949-CD1CFDBBC8D6}.Debug|x86.Build.0 = Debug|Any CPU
		{8DA715A5-52E5-4B6F-B949-CD1CFDBBC8D6}.Release|Any CPU.ActiveCfg = Release|Any CPU
		{8DA715A5-52E5-4B6F-B949-CD1CFDBBC8D6}.Release|Any CPU.Build.0 = Release|Any CPU
		{8DA715A5-52E5-4B6F-B949-CD1CFDBBC8D6}.Release|Mixed Platforms.ActiveCfg = Release|Any CPU
		{8DA715A5-52E5-4B6F-B949-CD1CFDBBC8D6}.Release|Mixed Platforms.Build.0 = Release|Any CPU
		{8DA715A5-52E5-4B6F-B949-CD1CFDBBC8D6}.Release|x86.ActiveCfg = Release|Any CPU
		{8DA715A5-52E5-4B6F-B949-CD1CFDBBC8D6}.Release|x86.Build.0 = Release|Any CPU
		{86E77921-CB0A-4D72-8A6C-7DEE915A23D8}.Debug|Any CPU.ActiveCfg = Debug|Any CPU
		{86E77921-CB0A-4D72-8A6C-7DEE915A23D8}.Debug|Any CPU.Build.0 = Debug|Any CPU
		{86E77921-CB0A-4D72-8A6C-7DEE915A23D8}.Debug|Mixed Platforms.ActiveCfg = Debug|Any CPU
		{86E77921-CB0A-4D72-8A6C-7DEE915A23D8}.Debug|Mixed Platforms.Build.0 = Debug|Any CPU
		{86E77921-CB0A-4D72-8A6C-7DEE915A23D8}.Debug|x86.ActiveCfg = Debug|Any CPU
		{86E77921-CB0A-4D72-8A6C-7DEE915A23D8}.Debug|x86.Build.0 = Debug|Any CPU
		{86E77921-CB0A-4D72-8A6C-7DEE915A23D8}.Release|Any CPU.ActiveCfg = Release|Any CPU
		{86E77921-CB0A-4D72-8A6C-7DEE915A23D8}.Release|Any CPU.Build.0 = Release|Any CPU
		{86E77921-CB0A-4D72-8A6C-7DEE915A23D8}.Release|Mixed Platforms.ActiveCfg = Release|Any CPU
		{86E77921-CB0A-4D72-8A6C-7DEE915A23D8}.Release|Mixed Platforms.Build.0 = Release|Any CPU
		{86E77921-CB0A-4D72-8A6C-7DEE915A23D8}.Release|x86.ActiveCfg = Release|Any CPU
		{86E77921-CB0A-4D72-8A6C-7DEE915A23D8}.Release|x86.Build.0 = Release|Any CPU
		{8998DAED-F584-4006-937A-3958983DD75F}.Debug|Any CPU.ActiveCfg = Debug|Any CPU
		{8998DAED-F584-4006-937A-3958983DD75F}.Debug|Any CPU.Build.0 = Debug|Any CPU
		{8998DAED-F584-4006-937A-3958983DD75F}.Debug|Mixed Platforms.ActiveCfg = Debug|Any CPU
		{8998DAED-F584-4006-937A-3958983DD75F}.Debug|Mixed Platforms.Build.0 = Debug|Any CPU
		{8998DAED-F584-4006-937A-3958983DD75F}.Debug|x86.ActiveCfg = Debug|Any CPU
		{8998DAED-F584-4006-937A-3958983DD75F}.Debug|x86.Build.0 = Debug|Any CPU
		{8998DAED-F584-4006-937A-3958983DD75F}.Release|Any CPU.ActiveCfg = Release|Any CPU
		{8998DAED-F584-4006-937A-3958983DD75F}.Release|Any CPU.Build.0 = Release|Any CPU
		{8998DAED-F584-4006-937A-3958983DD75F}.Release|Mixed Platforms.ActiveCfg = Release|Any CPU
		{8998DAED-F584-4006-937A-3958983DD75F}.Release|Mixed Platforms.Build.0 = Release|Any CPU
		{8998DAED-F584-4006-937A-3958983DD75F}.Release|x86.ActiveCfg = Release|Any CPU
		{8998DAED-F584-4006-937A-3958983DD75F}.Release|x86.Build.0 = Release|Any CPU
		{5A36C1B0-2811-48A3-A476-2906B50C3CCB}.Debug|Any CPU.ActiveCfg = Debug|Any CPU
		{5A36C1B0-2811-48A3-A476-2906B50C3CCB}.Debug|Any CPU.Build.0 = Debug|Any CPU
		{5A36C1B0-2811-48A3-A476-2906B50C3CCB}.Debug|Mixed Platforms.ActiveCfg = Debug|Any CPU
		{5A36C1B0-2811-48A3-A476-2906B50C3CCB}.Debug|Mixed Platforms.Build.0 = Debug|Any CPU
		{5A36C1B0-2811-48A3-A476-2906B50C3CCB}.Debug|x86.ActiveCfg = Debug|Any CPU
		{5A36C1B0-2811-48A3-A476-2906B50C3CCB}.Debug|x86.Build.0 = Debug|Any CPU
		{5A36C1B0-2811-48A3-A476-2906B50C3CCB}.Release|Any CPU.ActiveCfg = Release|Any CPU
		{5A36C1B0-2811-48A3-A476-2906B50C3CCB}.Release|Any CPU.Build.0 = Release|Any CPU
		{5A36C1B0-2811-48A3-A476-2906B50C3CCB}.Release|Mixed Platforms.ActiveCfg = Release|Any CPU
		{5A36C1B0-2811-48A3-A476-2906B50C3CCB}.Release|Mixed Platforms.Build.0 = Release|Any CPU
		{5A36C1B0-2811-48A3-A476-2906B50C3CCB}.Release|x86.ActiveCfg = Release|Any CPU
		{5A36C1B0-2811-48A3-A476-2906B50C3CCB}.Release|x86.Build.0 = Release|Any CPU
		{2FA6297E-1898-4EF0-834F-D7257AD445B1}.Debug|Any CPU.ActiveCfg = Debug|Any CPU
		{2FA6297E-1898-4EF0-834F-D7257AD445B1}.Debug|Any CPU.Build.0 = Debug|Any CPU
		{2FA6297E-1898-4EF0-834F-D7257AD445B1}.Debug|Mixed Platforms.ActiveCfg = Debug|Any CPU
		{2FA6297E-1898-4EF0-834F-D7257AD445B1}.Debug|Mixed Platforms.Build.0 = Debug|Any CPU
		{2FA6297E-1898-4EF0-834F-D7257AD445B1}.Debug|x86.ActiveCfg = Debug|Any CPU
		{2FA6297E-1898-4EF0-834F-D7257AD445B1}.Debug|x86.Build.0 = Debug|Any CPU
		{2FA6297E-1898-4EF0-834F-D7257AD445B1}.Release|Any CPU.ActiveCfg = Release|Any CPU
		{2FA6297E-1898-4EF0-834F-D7257AD445B1}.Release|Any CPU.Build.0 = Release|Any CPU
		{2FA6297E-1898-4EF0-834F-D7257AD445B1}.Release|Mixed Platforms.ActiveCfg = Release|Any CPU
		{2FA6297E-1898-4EF0-834F-D7257AD445B1}.Release|Mixed Platforms.Build.0 = Release|Any CPU
		{2FA6297E-1898-4EF0-834F-D7257AD445B1}.Release|x86.ActiveCfg = Release|Any CPU
		{2FA6297E-1898-4EF0-834F-D7257AD445B1}.Release|x86.Build.0 = Release|Any CPU
	EndGlobalSection
	GlobalSection(SolutionProperties) = preSolution
		HideSolutionNode = FALSE
	EndGlobalSection
	GlobalSection(NestedProjects) = preSolution
		{49B2726E-8FB2-4083-8100-6EC3DC00F6F7} = {0CFDCBC0-BA7D-4164-BD41-8709AE5E289E}
		{05E298CB-DB9F-4389-BC94-A27793673CAF} = {0CFDCBC0-BA7D-4164-BD41-8709AE5E289E}
		{3C4D07BA-23B5-4A63-92CF-F3BF892B7329} = {0CFDCBD0-BA7D-4164-BD41-6299401EDD0B}
		{1535B7C5-4557-46FB-AB18-668DC8B0686B} = {0CFDCBD0-BA7D-4164-BD41-7809AE5E289B}
		{33EF76C5-1894-460C-9CB3-A7DBF260321E} = {0CFDCBC0-BA7D-4164-BD41-8709AE5E289E}
		{8DA715A5-52E5-4B6F-B949-CD1CFDBBC8D6} = {0CFDCBC0-BA7D-4164-BD41-8709AE5E289E}
		{2FA6297E-1898-4EF0-834F-D7257AD445B1} = {0CFDCBD0-BA7D-4164-BD41-7809AE5E289B}
	EndGlobalSection
	GlobalSection(ExtensibilityGlobals) = postSolution
		SolutionGuid = {263E3EFF-BE51-406A-BB20-CB26CC2E4C37}
	EndGlobalSection
	GlobalSection(Performance) = preSolution
		HasPerformanceSessions = true
	EndGlobalSection
EndGlobal
